
Microsoft Visual Studio Solution File, Format Version 12.00
# Visual Studio Version 17
VisualStudioVersion = 17.6.33801.468
MinimumVisualStudioVersion = 10.0.40219.1
Project("{FAE04EC0-301F-11D3-BF4B-00C04F79EFBC}") = "lms", "lms\lms.csproj", "{763BE94C-4367-4252-B87B-6048D3F153CC}"
EndProject
Global
	GlobalSection(SolutionConfigurationPlatforms) = preSolution
		Debug|Any CPU = Debug|Any CPU
		Release|Any CPU = Release|Any CPU
	EndGlobalSection
	GlobalSection(ProjectConfigurationPlatforms) = postSolution
		{763BE94C-4367-4252-B87B-6048D3F153CC}.Debug|Any CPU.ActiveCfg = Debug|Any CPU
		{763BE94C-4367-4252-B87B-6048D3F153CC}.Debug|Any CPU.Build.0 = Debug|Any CPU
		{763BE94C-4367-4252-B87B-6048D3F153CC}.Release|Any CPU.ActiveCfg = Release|Any CPU
		{763BE94C-4367-4252-B87B-6048D3F153CC}.Release|Any CPU.Build.0 = Release|Any CPU
	EndGlobalSection
	GlobalSection(SolutionProperties) = preSolution
		HideSolutionNode = FALSE
	EndGlobalSection
	GlobalSection(ExtensibilityGlobals) = postSolution
		SolutionGuid = {C3FC4390-A441-4FAA-ADF1-BBF87444C6EE}
	EndGlobalSection
EndGlobal
